{
  "name": "smartpark-enterprise",
  "version": "2.4.0",
  "lockfileVersion": 3,
  "requires": true,
  "packages": {
    "": {
      "name": "smartpark-enterprise",
      "version": "2.4.0",
      "devDependencies": {
        "prettier": "^3.2.5"
      }
    },
    "node_modules/prettier": {
      "version": "3.2.5",
      "resolved": "https://registry.npmjs.org/prettier/-/prettier-3.2.5.tgz",
      "integrity": "sha512-3/GWGRBeTnIiegBIOGYWBeg1bIrPmVNXImKbKx5CtSn54FYXVgk16PWiU41L03UX29KDy3ScPHJdHiecWrAUQw==",
      "dev": true,
      "bin": {
        "prettier": "bin/prettier.cjs"
      },
      "engines": {
        "node": ">=14"
      },
      "funding": {
        "url": "https://github.com/prettier/prettier?sponsor=1"
      }
    }
  }
}
